// !$*UTF8*$!
{
	archiveVersion = 1;
	classes = {
	};
	objectVersion = 56;
	objects = {

/* Begin PBXBuildFile section */
		73A3F5EB29C8ABEA00B47150 /* AppDelegate.swift in Sources */ = {isa = PBXBuildFile; fileRef = 73A3F5EA29C8ABEA00B47150 /* AppDelegate.swift */; };
		73A3F5ED29C8ABEA00B47150 /* SceneDelegate.swift in Sources */ = {isa = PBXBuildFile; fileRef = 73A3F5EC29C8ABEA00B47150 /* SceneDelegate.swift */; };
		73A3F5EF29C8ABEA00B47150 /* ViewController.swift in Sources */ = {isa = PBXBuildFile; fileRef = 73A3F5EE29C8ABEA00B47150 /* ViewController.swift */; };
		73A3F5F229C8ABEA00B47150 /* Main.storyboard in Resources */ = {isa = PBXBuildFile; fileRef = 73A3F5F029C8ABEA00B47150 /* Main.storyboard */; };
		73A3F5F429C8ABEC00B47150 /* Assets.xcassets in Resources */ = {isa = PBXBuildFile; fileRef = 73A3F5F329C8ABEC00B47150 /* Assets.xcassets */; };
		73A3F5F729C8ABEC00B47150 /* LaunchScreen.storyboard in Resources */ = {isa = PBXBuildFile; fileRef = 73A3F5F529C8ABEC00B47150 /* LaunchScreen.storyboard */; };
		73A3F60229C8B36500B47150 /* Models.swift in Sources */ = {isa = PBXBuildFile; fileRef = 73A3F60129C8B36500B47150 /* Models.swift */; };
		73A3F60429C8B45400B47150 /* SecondViewController.swift in Sources */ = {isa = PBXBuildFile; fileRef = 73A3F60329C8B45400B47150 /* SecondViewController.swift */; };
		73A3F60629C8B51800B47150 /* ViewController +extension.swift in Sources */ = {isa = PBXBuildFile; fileRef = 73A3F60529C8B51800B47150 /* ViewController +extension.swift */; };
		73A3F60829C8B5BF00B47150 /* ThirdViewController.swift in Sources */ = {isa = PBXBuildFile; fileRef = 73A3F60729C8B5BF00B47150 /* ThirdViewController.swift */; };
		73A3F60A29C8B66000B47150 /* LibraryViewController.swift in Sources */ = {isa = PBXBuildFile; fileRef = 73A3F60929C8B66000B47150 /* LibraryViewController.swift */; };
		73A3F60C29C8BA3A00B47150 /* UserDefaults +extension.swift in Sources */ = {isa = PBXBuildFile; fileRef = 73A3F60B29C8BA3A00B47150 /* UserDefaults +extension.swift */; };
		73A3F60F29C8BBC600B47150 /* ThirdViewController +extension.swift in Sources */ = {isa = PBXBuildFile; fileRef = 73A3F60E29C8BBC600B47150 /* ThirdViewController +extension.swift */; };
		73E18BB129D1DC3B00EC17B4 /* LibraryViewController +extension.swift in Sources */ = {isa = PBXBuildFile; fileRef = 73E18BB029D1DC3B00EC17B4 /* LibraryViewController +extension.swift */; };
/* End PBXBuildFile section */

/* Begin PBXFileReference section */
		73A3F5E729C8ABEA00B47150 /* PhotoStock.app */ = {isa = PBXFileReference; explicitFileType = wrapper.application; includeInIndex = 0; path = PhotoStock.app; sourceTree = BUILT_PRODUCTS_DIR; };
		73A3F5EA29C8ABEA00B47150 /* AppDelegate.swift */ = {isa = PBXFileReference; lastKnownFileType = sourcecode.swift; path = AppDelegate.swift; sourceTree = "<group>"; };
		73A3F5EC29C8ABEA00B47150 /* SceneDelegate.swift */ = {isa = PBXFileReference; lastKnownFileType = sourcecode.swift; path = SceneDelegate.swift; sourceTree = "<group>"; };
		73A3F5EE29C8ABEA00B47150 /* ViewController.swift */ = {isa = PBXFileReference; lastKnownFileType = sourcecode.swift; path = ViewController.swift; sourceTree = "<group>"; };
		73A3F5F129C8ABEA00B47150 /* Base */ = {isa = PBXFileReference; lastKnownFileType = file.storyboard; name = Base; path = Base.lproj/Main.storyboard; sourceTree = "<group>"; };
		73A3F5F329C8ABEC00B47150 /* Assets.xcassets */ = {isa = PBXFileReference; lastKnownFileType = folder.assetcatalog; path = Assets.xcassets; sourceTree = "<group>"; };
		73A3F5F629C8ABEC00B47150 /* Base */ = {isa = PBXFileReference; lastKnownFileType = file.storyboard; name = Base; path = Base.lproj/LaunchScreen.storyboard; sourceTree = "<group>"; };
		73A3F5F829C8ABEC00B47150 /* Info.plist */ = {isa = PBXFileReference; lastKnownFileType = text.plist.xml; path = Info.plist; sourceTree = "<group>"; };
		73A3F60129C8B36500B47150 /* Models.swift */ = {isa = PBXFileReference; lastKnownFileType = sourcecode.swift; path = Models.swift; sourceTree = "<group>"; };
		73A3F60329C8B45400B47150 /* SecondViewController.swift */ = {isa = PBXFileReference; lastKnownFileType = sourcecode.swift; path = SecondViewController.swift; sourceTree = "<group>"; };
		73A3F60529C8B51800B47150 /* ViewController +extension.swift */ = {isa = PBXFileReference; lastKnownFileType = sourcecode.swift; path = "ViewController +extension.swift"; sourceTree = "<group>"; };
		73A3F60729C8B5BF00B47150 /* ThirdViewController.swift */ = {isa = PBXFileReference; lastKnownFileType = sourcecode.swift; path = ThirdViewController.swift; sourceTree = "<group>"; };
		73A3F60929C8B66000B47150 /* LibraryViewController.swift */ = {isa = PBXFileReference; lastKnownFileType = sourcecode.swift; path = LibraryViewController.swift; sourceTree = "<group>"; };
		73A3F60B29C8BA3A00B47150 /* UserDefaults +extension.swift */ = {isa = PBXFileReference; lastKnownFileType = sourcecode.swift; path = "UserDefaults +extension.swift"; sourceTree = "<group>"; };
		73A3F60E29C8BBC600B47150 /* ThirdViewController +extension.swift */ = {isa = PBXFileReference; lastKnownFileType = sourcecode.swift; path = "ThirdViewController +extension.swift"; sourceTree = "<group>"; };
		73E18BB029D1DC3B00EC17B4 /* LibraryViewController +extension.swift */ = {isa = PBXFileReference; lastKnownFileType = sourcecode.swift; path = "LibraryViewController +extension.swift"; sourceTree = "<group>"; };
/* End PBXFileReference section */

/* Begin PBXFrameworksBuildPhase section */
		73A3F5E429C8ABEA00B47150 /* Frameworks */ = {
			isa = PBXFrameworksBuildPhase;
			buildActionMask = 2147483647;
			files = (
			);
			runOnlyForDeploymentPostprocessing = 0;
		};
/* End PBXFrameworksBuildPhase section */

/* Begin PBXGroup section */
		73A3F5DE29C8ABEA00B47150 = {
			isa = PBXGroup;
			children = (
				73A3F5E929C8ABEA00B47150 /* PhotoStock */,
				73A3F5E829C8ABEA00B47150 /* Products */,
			);
			sourceTree = "<group>";
		};
		73A3F5E829C8ABEA00B47150 /* Products */ = {
			isa = PBXGroup;
			children = (
				73A3F5E729C8ABEA00B47150 /* PhotoStock.app */,
			);
			name = Products;
			sourceTree = "<group>";
		};
		73A3F5E929C8ABEA00B47150 /* PhotoStock */ = {
			isa = PBXGroup;
			children = (
				73E18BAF29D1DC1100EC17B4 /* Extension */,
				73A3F60029C8AF4400B47150 /* View */,
				73A3F5FF29C8AF2F00B47150 /* Models */,
				73A3F5FE29C8AF2400B47150 /* Supporting */,
				73A3F5F029C8ABEA00B47150 /* Main.storyboard */,
			);
			path = PhotoStock;
			sourceTree = "<group>";
		};
		73A3F5FE29C8AF2400B47150 /* Supporting */ = {
			isa = PBXGroup;
			children = (
				73A3F5EA29C8ABEA00B47150 /* AppDelegate.swift */,
				73A3F5EC29C8ABEA00B47150 /* SceneDelegate.swift */,
				73A3F5F329C8ABEC00B47150 /* Assets.xcassets */,
				73A3F5F529C8ABEC00B47150 /* LaunchScreen.storyboard */,
				73A3F5F829C8ABEC00B47150 /* Info.plist */,
			);
			path = Supporting;
			sourceTree = "<group>";
		};
		73A3F5FF29C8AF2F00B47150 /* Models */ = {
			isa = PBXGroup;
			children = (
				73A3F60129C8B36500B47150 /* Models.swift */,
			);
			path = Models;
			sourceTree = "<group>";
		};
		73A3F60029C8AF4400B47150 /* View */ = {
			isa = PBXGroup;
			children = (
				73A3F5EE29C8ABEA00B47150 /* ViewController.swift */,
				73A3F60329C8B45400B47150 /* SecondViewController.swift */,
				73A3F60729C8B5BF00B47150 /* ThirdViewController.swift */,
				73A3F60929C8B66000B47150 /* LibraryViewController.swift */,
			);
			path = View;
			sourceTree = "<group>";
		};
		73E18BAF29D1DC1100EC17B4 /* Extension */ = {
			isa = PBXGroup;
			children = (
				73A3F60E29C8BBC600B47150 /* ThirdViewController +extension.swift */,
				73A3F60B29C8BA3A00B47150 /* UserDefaults +extension.swift */,
				73A3F60529C8B51800B47150 /* ViewController +extension.swift */,
				73E18BB029D1DC3B00EC17B4 /* LibraryViewController +extension.swift */,
			);
			path = Extension;
			sourceTree = "<group>";
		};
/* End PBXGroup section */

/* Begin PBXNativeTarget section */
		73A3F5E629C8ABEA00B47150 /* PhotoStock */ = {
			isa = PBXNativeTarget;
			buildConfigurationList = 73A3F5FB29C8ABEC00B47150 /* Build configuration list for PBXNativeTarget "PhotoStock" */;
			buildPhases = (
				73A3F5E329C8ABEA00B47150 /* Sources */,
				73A3F5E429C8ABEA00B47150 /* Frameworks */,
				73A3F5E529C8ABEA00B47150 /* Resources */,
			);
			buildRules = (
			);
			dependencies = (
			);
			name = PhotoStock;
			productName = PhotoStock;
			productReference = 73A3F5E729C8ABEA00B47150 /* PhotoStock.app */;
			productType = "com.apple.product-type.application";
		};
/* End PBXNativeTarget section */

/* Begin PBXProject section */
		73A3F5DF29C8ABEA00B47150 /* Project object */ = {
			isa = PBXProject;
			attributes = {
				BuildIndependentTargetsInParallel = 1;
				LastSwiftUpdateCheck = 1420;
				LastUpgradeCheck = 1420;
				TargetAttributes = {
					73A3F5E629C8ABEA00B47150 = {
						CreatedOnToolsVersion = 14.2;
					};
				};
			};
			buildConfigurationList = 73A3F5E229C8ABEA00B47150 /* Build configuration list for PBXProject "PhotoStock" */;
			compatibilityVersion = "Xcode 14.0";
			developmentRegion = en;
			hasScannedForEncodings = 0;
			knownRegions = (
				en,
				Base,
			);
			mainGroup = 73A3F5DE29C8ABEA00B47150;
			productRefGroup = 73A3F5E829C8ABEA00B47150 /* Products */;
			projectDirPath = "";
			projectRoot = "";
			targets = (
				73A3F5E629C8ABEA00B47150 /* PhotoStock */,
			);
		};
/* End PBXProject section */

/* Begin PBXResourcesBuildPhase section */
		73A3F5E529C8ABEA00B47150 /* Resources */ = {
			isa = PBXResourcesBuildPhase;
			buildActionMask = 2147483647;
			files = (
				73A3F5F729C8ABEC00B47150 /* LaunchScreen.storyboard in Resources */,
				73A3F5F429C8ABEC00B47150 /* Assets.xcassets in Resources */,
				73A3F5F229C8ABEA00B47150 /* Main.storyboard in Resources */,
			);
			runOnlyForDeploymentPostprocessing = 0;
		};
/* End PBXResourcesBuildPhase section */

/* Begin PBXSourcesBuildPhase section */
		73A3F5E329C8ABEA00B47150 /* Sources */ = {
			isa = PBXSourcesBuildPhase;
			buildActionMask = 2147483647;
			files = (
				73A3F5EF29C8ABEA00B47150 /* ViewController.swift in Sources */,
				73A3F5EB29C8ABEA00B47150 /* AppDelegate.swift in Sources */,
				73A3F60A29C8B66000B47150 /* LibraryViewController.swift in Sources */,
				73E18BB129D1DC3B00EC17B4 /* LibraryViewController +extension.swift in Sources */,
				73A3F5ED29C8ABEA00B47150 /* SceneDelegate.swift in Sources */,
				73A3F60C29C8BA3A00B47150 /* UserDefaults +extension.swift in Sources */,
				73A3F60829C8B5BF00B47150 /* ThirdViewController.swift in Sources */,
				73A3F60629C8B51800B47150 /* ViewController +extension.swift in Sources */,
				73A3F60429C8B45400B47150 /* SecondViewController.swift in Sources */,
				73A3F60229C8B36500B47150 /* Models.swift in Sources */,
				73A3F60F29C8BBC600B47150 /* ThirdViewController +extension.swift in Sources */,
			);
			runOnlyForDeploymentPostprocessing = 0;
		};
/* End PBXSourcesBuildPhase section */

/* Begin PBXVariantGroup section */
		73A3F5F029C8ABEA00B47150 /* Main.storyboard */ = {
			isa = PBXVariantGroup;
			children = (
				73A3F5F129C8ABEA00B47150 /* Base */,
			);
			name = Main.storyboard;
			sourceTree = "<group>";
		};
		73A3F5F529C8ABEC00B47150 /* LaunchScreen.storyboard */ = {
			isa = PBXVariantGroup;
			children = (
				73A3F5F629C8ABEC00B47150 /* Base */,
			);
			name = LaunchScreen.storyboard;
			sourceTree = "<group>";
		};
/* End PBXVariantGroup section */

/* Begin XCBuildConfiguration section */
		73A3F5F929C8ABEC00B47150 /* Debug */ = {
			isa = XCBuildConfiguration;
			buildSettings = {
				ALWAYS_SEARCH_USER_PATHS = NO;
				CLANG_ANALYZER_NONNULL = YES;
				CLANG_ANALYZER_NUMBER_OBJECT_CONVERSION = YES_AGGRESSIVE;
				CLANG_CXX_LANGUAGE_STANDARD = "gnu++20";
				CLANG_ENABLE_MODULES = YES;
				CLANG_ENABLE_OBJC_ARC = YES;
				CLANG_ENABLE_OBJC_WEAK = YES;
				CLANG_WARN_BLOCK_CAPTURE_AUTORELEASING = YES;
				CLANG_WARN_BOOL_CONVERSION = YES;
				CLANG_WARN_COMMA = YES;
				CLANG_WARN_CONSTANT_CONVERSION = YES;
				CLANG_WARN_DEPRECATED_OBJC_IMPLEMENTATIONS = YES;
				CLANG_WARN_DIRECT_OBJC_ISA_USAGE = YES_ERROR;
				CLANG_WARN_DOCUMENTATION_COMMENTS = YES;
				CLANG_WARN_EMPTY_BODY = YES;
				CLANG_WARN_ENUM_CONVERSION = YES;
				CLANG_WARN_INFINITE_RECURSION = YES;
				CLANG_WARN_INT_CONVERSION = YES;
				CLANG_WARN_NON_LITERAL_NULL_CONVERSION = YES;
				CLANG_WARN_OBJC_IMPLICIT_RETAIN_SELF = YES;
				CLANG_WARN_OBJC_LITERAL_CONVERSION = YES;
				CLANG_WARN_OBJC_ROOT_CLASS = YES_ERROR;
				CLANG_WARN_QUOTED_INCLUDE_IN_FRAMEWORK_HEADER = YES;
				CLANG_WARN_RANGE_LOOP_ANALYSIS = YES;
				CLANG_WARN_STRICT_PROTOTYPES = YES;
				CLANG_WARN_SUSPICIOUS_MOVE = YES;
				CLANG_WARN_UNGUARDED_AVAILABILITY = YES_AGGRESSIVE;
				CLANG_WARN_UNREACHABLE_CODE = YES;
				CLANG_WARN__DUPLICATE_METHOD_MATCH = YES;
				COPY_PHASE_STRIP = NO;
				DEBUG_INFORMATION_FORMAT = dwarf;
				ENABLE_STRICT_OBJC_MSGSEND = YES;
				ENABLE_TESTABILITY = YES;
				GCC_C_LANGUAGE_STANDARD = gnu11;
				GCC_DYNAMIC_NO_PIC = NO;
				GCC_NO_COMMON_BLOCKS = YES;
				GCC_OPTIMIZATION_LEVEL = 0;
				GCC_PREPROCESSOR_DEFINITIONS = (
					"DEBUG=1",
					"$(inherited)",
				);
				GCC_WARN_64_TO_32_BIT_CONVERSION = YES;
				GCC_WARN_ABOUT_RETURN_TYPE = YES_ERROR;
				GCC_WARN_UNDECLARED_SELECTOR = YES;
				GCC_WARN_UNINITIALIZED_AUTOS = YES_AGGRESSIVE;
				GCC_WARN_UNUSED_FUNCTION = YES;
				GCC_WARN_UNUSED_VARIABLE = YES;
				IPHONEOS_DEPLOYMENT_TARGET = 16.2;
				MTL_ENABLE_DEBUG_INFO = INCLUDE_SOURCE;
				MTL_FAST_MATH = YES;
				ONLY_ACTIVE_ARCH = YES;
				SDKROOT = iphoneos;
				SWIFT_ACTIVE_COMPILATION_CONDITIONS = DEBUG;
				SWIFT_OPTIMIZATION_LEVEL = "-Onone";
			};
			name = Debug;
		};
		73A3F5FA29C8ABEC00B47150 /* Release */ = {
			isa = XCBuildConfiguration;
			buildSettings = {
				ALWAYS_SEARCH_USER_PATHS = NO;
				CLANG_ANALYZER_NONNULL = YES;
				CLANG_ANALYZER_NUMBER_OBJECT_CONVERSION = YES_AGGRESSIVE;
				CLANG_CXX_LANGUAGE_STANDARD = "gnu++20";
				CLANG_ENABLE_MODULES = YES;
				CLANG_ENABLE_OBJC_ARC = YES;
				CLANG_ENABLE_OBJC_WEAK = YES;
				CLANG_WARN_BLOCK_CAPTURE_AUTORELEASING = YES;
				CLANG_WARN_BOOL_CONVERSION = YES;
				CLANG_WARN_COMMA = YES;
				CLANG_WARN_CONSTANT_CONVERSION = YES;
				CLANG_WARN_DEPRECATED_OBJC_IMPLEMENTATIONS = YES;
				CLANG_WARN_DIRECT_OBJC_ISA_USAGE = YES_ERROR;
				CLANG_WARN_DOCUMENTATION_COMMENTS = YES;
				CLANG_WARN_EMPTY_BODY = YES;
				CLANG_WARN_ENUM_CONVERSION = YES;
				CLANG_WARN_INFINITE_RECURSION = YES;
				CLANG_WARN_INT_CONVERSION = YES;
				CLANG_WARN_NON_LITERAL_NULL_CONVERSION = YES;
				CLANG_WARN_OBJC_IMPLICIT_RETAIN_SELF = YES;
				CLANG_WARN_OBJC_LITERAL_CONVERSION = YES;
				CLANG_WARN_OBJC_ROOT_CLASS = YES_ERROR;
				CLANG_WARN_QUOTED_INCLUDE_IN_FRAMEWORK_HEADER = YES;
				CLANG_WARN_RANGE_LOOP_ANALYSIS = YES;
				CLANG_WARN_STRICT_PROTOTYPES = YES;
				CLANG_WARN_SUSPICIOUS_MOVE = YES;
				CLANG_WARN_UNGUARDED_AVAILABILITY = YES_AGGRESSIVE;
				CLANG_WARN_UNREACHABLE_CODE = YES;
				CLANG_WARN__DUPLICATE_METHOD_MATCH = YES;
				COPY_PHASE_STRIP = NO;
				DEBUG_INFORMATION_FORMAT = "dwarf-with-dsym";
				ENABLE_NS_ASSERTIONS = NO;
				ENABLE_STRICT_OBJC_MSGSEND = YES;
				GCC_C_LANGUAGE_STANDARD = gnu11;
				GCC_NO_COMMON_BLOCKS = YES;
				GCC_WARN_64_TO_32_BIT_CONVERSION = YES;
				GCC_WARN_ABOUT_RETURN_TYPE = YES_ERROR;
				GCC_WARN_UNDECLARED_SELECTOR = YES;
				GCC_WARN_UNINITIALIZED_AUTOS = YES_AGGRESSIVE;
				GCC_WARN_UNUSED_FUNCTION = YES;
				GCC_WARN_UNUSED_VARIABLE = YES;
				IPHONEOS_DEPLOYMENT_TARGET = 16.2;
				MTL_ENABLE_DEBUG_INFO = NO;
				MTL_FAST_MATH = YES;
				SDKROOT = iphoneos;
				SWIFT_COMPILATION_MODE = wholemodule;
				SWIFT_OPTIMIZATION_LEVEL = "-O";
				VALIDATE_PRODUCT = YES;
			};
			name = Release;
		};
		73A3F5FC29C8ABEC00B47150 /* Debug */ = {
			isa = XCBuildConfiguration;
			buildSettings = {
				ASSETCATALOG_COMPILER_APPICON_NAME = AppIcon;
				ASSETCATALOG_COMPILER_GLOBAL_ACCENT_COLOR_NAME = AccentColor;
				CODE_SIGN_STYLE = Automatic;
				CURRENT_PROJECT_VERSION = 1;
				DEVELOPMENT_TEAM = 8B3PT8N93L;
				GENERATE_INFOPLIST_FILE = YES;
				INFOPLIST_FILE = PhotoStock/Supporting/Info.plist;
				INFOPLIST_KEY_UIApplicationSupportsIndirectInputEvents = YES;
				INFOPLIST_KEY_UILaunchStoryboardName = LaunchScreen;
				INFOPLIST_KEY_UIMainStoryboardFile = Main;
				INFOPLIST_KEY_UISupportedInterfaceOrientations = UIInterfaceOrientationPortrait;
				INFOPLIST_KEY_UISupportedInterfaceOrientations_iPad = "UIInterfaceOrientationLandscapeLeft UIInterfaceOrientationLandscapeRight UIInterfaceOrientationPortrait UIInterfaceOrientationPortraitUpsideDown";
				IPHONEOS_DEPLOYMENT_TARGET = 15.0;
				LD_RUNPATH_SEARCH_PATHS = (
					"$(inherited)",
					"@executable_path/Frameworks",
				);
				MARKETING_VERSION = 1.0;
				PRODUCT_BUNDLE_IDENTIFIER = play.PhotoStock;
				PRODUCT_NAME = "$(TARGET_NAME)";
				SUPPORTED_PLATFORMS = "iphoneos iphonesimulator";
				SUPPORTS_MACCATALYST = NO;
				SUPPORTS_MAC_DESIGNED_FOR_IPHONE_IPAD = NO;
				SWIFT_EMIT_LOC_STRINGS = YES;
				SWIFT_VERSION = 5.0;
				TARGETED_DEVICE_FAMILY = 1;
			};
			name = Debug;
		};
		73A3F5FD29C8ABEC00B47150 /* Release */ = {
			isa = XCBuildConfiguration;
			buildSettings = {
				ASSETCATALOG_COMPILER_APPICON_NAME = AppIcon;
				ASSETCATALOG_COMPILER_GLOBAL_ACCENT_COLOR_NAME = AccentColor;
				CODE_SIGN_STYLE = Automatic;
				CURRENT_PROJECT_VERSION = 1;
				DEVELOPMENT_TEAM = 8B3PT8N93L;
				GENERATE_INFOPLIST_FILE = YES;
				INFOPLIST_FILE = PhotoStock/Supporting/Info.plist;
				INFOPLIST_KEY_UIApplicationSupportsIndirectInputEvents = YES;
				INFOPLIST_KEY_UILaunchStoryboardName = LaunchScreen;
				INFOPLIST_KEY_UIMainStoryboardFile = Main;
				INFOPLIST_KEY_UISupportedInterfaceOrientations = UIInterfaceOrientationPortrait;
				INFOPLIST_KEY_UISupportedInterfaceOrientations_iPad = "UIInterfaceOrientationLandscapeLeft UIInterfaceOrientationLandscapeRight UIInterfaceOrientationPortrait UIInterfaceOrientationPortraitUpsideDown";
				IPHONEOS_DEPLOYMENT_TARGET = 15.0;
				LD_RUNPATH_SEARCH_PATHS = (
					"$(inherited)",
					"@executable_path/Frameworks",
				);
				MARKETING_VERSION = 1.0;
				PRODUCT_BUNDLE_IDENTIFIER = play.PhotoStock;
				PRODUCT_NAME = "$(TARGET_NAME)";
				SUPPORTED_PLATFORMS = "iphoneos iphonesimulator";
				SUPPORTS_MACCATALYST = NO;
				SUPPORTS_MAC_DESIGNED_FOR_IPHONE_IPAD = NO;
				SWIFT_EMIT_LOC_STRINGS = YES;
				SWIFT_VERSION = 5.0;
				TARGETED_DEVICE_FAMILY = 1;
			};
			name = Release;
		};
/* End XCBuildConfiguration section */

/* Begin XCConfigurationList section */
		73A3F5E229C8ABEA00B47150 /* Build configuration list for PBXProject "PhotoStock" */ = {
			isa = XCConfigurationList;
			buildConfigurations = (
				73A3F5F929C8ABEC00B47150 /* Debug */,
				73A3F5FA29C8ABEC00B47150 /* Release */,
			);
			defaultConfigurationIsVisible = 0;
			defaultConfigurationName = Release;
		};
		73A3F5FB29C8ABEC00B47150 /* Build configuration list for PBXNativeTarget "PhotoStock" */ = {
			isa = XCConfigurationList;
			buildConfigurations = (
				73A3F5FC29C8ABEC00B47150 /* Debug */,
				73A3F5FD29C8ABEC00B47150 /* Release */,
			);
			defaultConfigurationIsVisible = 0;
			defaultConfigurationName = Release;
		};
/* End XCConfigurationList section */
	};
	rootObject = 73A3F5DF29C8ABEA00B47150 /* Project object */;
}
